
Microsoft Visual Studio Solution File, Format Version 12.00
# Visual Studio Version 16
VisualStudioVersion = 16.0.33214.272
MinimumVisualStudioVersion = 10.0.40219.1
Project("{FAE04EC0-301F-11D3-BF4B-00C04F79EFBC}") = "Mission09_chanse99", "Mission09_chanse99.csproj", "{DC38B466-D460-4CD7-8E3A-2BC970637106}"
EndProject
Global
	GlobalSection(SolutionConfigurationPlatforms) = preSolution
		Debug|Any CPU = Debug|Any CPU
		Release|Any CPU = Release|Any CPU
	EndGlobalSection
	GlobalSection(ProjectConfigurationPlatforms) = postSolution
		{DC38B466-D460-4CD7-8E3A-2BC970637106}.Debug|Any CPU.ActiveCfg = Debug|Any CPU
		{DC38B466-D460-4CD7-8E3A-2BC970637106}.Debug|Any CPU.Build.0 = Debug|Any CPU
		{DC38B466-D460-4CD7-8E3A-2BC970637106}.Release|Any CPU.ActiveCfg = Release|Any CPU
		{DC38B466-D460-4CD7-8E3A-2BC970637106}.Release|Any CPU.Build.0 = Release|Any CPU
	EndGlobalSection
	GlobalSection(SolutionProperties) = preSolution
		HideSolutionNode = FALSE
	EndGlobalSection
	GlobalSection(ExtensibilityGlobals) = postSolution
		SolutionGuid = {990C2298-A820-4EF7-AC93-6EA6A542BE64}
	EndGlobalSection
EndGlobal
